// !$*UTF8*$!
{
	archiveVersion = 1;
	classes = {
	};
	objectVersion = 77;
	objects = {

/* Begin PBXContainerItemProxy section */
		825B6884300755D5009943CA /* PBXContainerItemProxy */ = {
			isa = PBXContainerItemProxy;
			containerPortal = 825B6866300755D2009943CA /* Project object */;
			proxyType = 1;
			remoteGlobalIDString = 825B686D300755D2009943CA;
			remoteInfo = CarePulse;
		};
		825B688E300755D5009943CA /* PBXContainerItemProxy */ = {
			isa = PBXContainerItemProxy;
			containerPortal = 825B6866300755D2009943CA /* Project object */;
			proxyType = 1;
			remoteGlobalIDString = 825B686D300755D2009943CA;
			remoteInfo = CarePulse;
		};
/* End PBXContainerItemProxy section */

/* Begin PBXFileReference section */
		825B686E300755D2009943CA /* CarePulse.app */ = {isa = PBXFileReference; explicitFileType = wrapper.application; includeInIndex = 0; path = CarePulse.app; sourceTree = BUILT_PRODUCTS_DIR; };
		825B6883300755D5009943CA /* CarePulseTests.xctest */ = {isa = PBXFileReference; explicitFileType = wrapper.cfbundle; includeInIndex = 0; path = CarePulseTests.xctest; sourceTree = BUILT_PRODUCTS_DIR; };
		825B688D300755D5009943CA /* CarePulseUITests.xctest */ = {isa = PBXFileReference; explicitFileType = wrapper.cfbundle; includeInIndex = 0; path = CarePulseUITests.xctest; sourceTree = BUILT_PRODUCTS_DIR; };
/* End PBXFileReference section */

/* Begin PBXFileSystemSynchronizedBuildFileExceptionSet section */
		825B68D63008AC1C009943CA /* Exceptions for "CarePulse" folder in "CarePulse" target */ = {
			isa = PBXFileSystemSynchronizedBuildFileExceptionSet;
			membershipExceptions = (
				Assets.xcassets,
				CarePulseApp.swift,
				ContentView.swift,
				"Preview Content/Preview Assets.xcassets",
				Services/Persistence.swift,
				Views/AppointmentsView.swift,
				Views/HomeView.swift,
				Views/LogInView.swift,
				Views/MedicationsView.swift,
				Views/RegisterView.swift,
				Views/SwiftUIView.swift,
				Views/SymptomsView.swift,
				Views/VitalsView.swift,
			);
			target = 825B686D300755D2009943CA /* CarePulse */;
		};
		825B68D83008AC1C009943CA /* Exceptions for "CarePulse" folder in "CarePulseUITests" target */ = {
			isa = PBXFileSystemSynchronizedBuildFileExceptionSet;
			membershipExceptions = (
				Assets.xcassets,
				CarePulse.xcdatamodeld,
				CarePulseApp.swift,
				ContentView.swift,
				"Preview Content/Preview Assets.xcassets",
				Services/Persistence.swift,
			);
			target = 825B688C300755D5009943CA /* CarePulseUITests */;
		};
/* End PBXFileSystemSynchronizedBuildFileExceptionSet section */

/* Begin PBXFileSystemSynchronizedGroupBuildPhaseMembershipExceptionSet section */
		825B68D73008AC1C009943CA /* Exceptions for "CarePulse" folder in "Compile Sources" phase from "CarePulse" target */ = {
			isa = PBXFileSystemSynchronizedGroupBuildPhaseMembershipExceptionSet;
			buildPhase = 825B686A300755D2009943CA /* Sources */;
			membershipExceptions = (
				CarePulse.xcdatamodeld,
			);
		};
/* End PBXFileSystemSynchronizedGroupBuildPhaseMembershipExceptionSet section */

/* Begin PBXFileSystemSynchronizedRootGroup section */
		825B6886300755D5009943CA /* CarePulseTests */ = {
			isa = PBXFileSystemSynchronizedRootGroup;
			path = CarePulseTests;
			sourceTree = "<group>";
		};
		825B6890300755D5009943CA /* CarePulseUITests */ = {
			isa = PBXFileSystemSynchronizedRootGroup;
			path = CarePulseUITests;
			sourceTree = "<group>";
		};
		825B68CF3008AC1C009943CA /* CarePulse */ = {
			isa = PBXFileSystemSynchronizedRootGroup;
			exceptions = (
				825B68D63008AC1C009943CA /* Exceptions for "CarePulse" folder in "CarePulse" target */,
				825B68D73008AC1C009943CA /* Exceptions for "CarePulse" folder in "Compile Sources" phase from "CarePulse" target */,
				825B68D83008AC1C009943CA /* Exceptions for "CarePulse" folder in "CarePulseUITests" target */,
			);
			path = CarePulse;
			sourceTree = "<group>";
		};
/* End PBXFileSystemSynchronizedRootGroup section */

/* Begin PBXFrameworksBuildPhase section */
		825B686B300755D2009943CA /* Frameworks */ = {
			isa = PBXFrameworksBuildPhase;
			buildActionMask = 2147483647;
			files = (
			);
			runOnlyForDeploymentPostprocessing = 0;
		};
		825B6880300755D5009943CA /* Frameworks */ = {
			isa = PBXFrameworksBuildPhase;
			buildActionMask = 2147483647;
			files = (
			);
			runOnlyForDeploymentPostprocessing = 0;
		};
		825B688A300755D5009943CA /* Frameworks */ = {
			isa = PBXFrameworksBuildPhase;
			buildActionMask = 2147483647;
			files = (
			);
			runOnlyForDeploymentPostprocessing = 0;
		};
/* End PBXFrameworksBuildPhase section */

/* Begin PBXGroup section */
		825B6865300755D2009943CA = {
			isa = PBXGroup;
			children = (
				825B68CF3008AC1C009943CA /* CarePulse */,
				825B6886300755D5009943CA /* CarePulseTests */,
				825B6890300755D5009943CA /* CarePulseUITests */,
				825B686F300755D2009943CA /* Products */,
			);
			sourceTree = "<group>";
		};
		825B686F300755D2009943CA /* Products */ = {
			isa = PBXGroup;
			children = (
				825B686E300755D2009943CA /* CarePulse.app */,
				825B6883300755D5009943CA /* CarePulseTests.xctest */,
				825B688D300755D5009943CA /* CarePulseUITests.xctest */,
			);
			name = Products;
			sourceTree = "<group>";
		};
/* End PBXGroup section */

/* Begin PBXNativeTarget section */
		825B686D300755D2009943CA /* CarePulse */ = {
			isa = PBXNativeTarget;
			buildConfigurationList = 825B6897300755D5009943CA /* Build configuration list for PBXNativeTarget "CarePulse" */;
			buildPhases = (
				825B686A300755D2009943CA /* Sources */,
				825B686B300755D2009943CA /* Frameworks */,
				825B686C300755D2009943CA /* Resources */,
			);
			buildRules = (
			);
			dependencies = (
			);
			name = CarePulse;
			packageProductDependencies = (
			);
			productName = CarePulse;
			productReference = 825B686E300755D2009943CA /* CarePulse.app */;
			productType = "com.apple.product-type.application";
		};
		825B6882300755D5009943CA /* CarePulseTests */ = {
			isa = PBXNativeTarget;
			buildConfigurationList = 825B689A300755D5009943CA /* Build configuration list for PBXNativeTarget "CarePulseTests" */;
			buildPhases = (
				825B687F300755D5009943CA /* Sources */,
				825B6880300755D5009943CA /* Frameworks */,
				825B6881300755D5009943CA /* Resources */,
			);
			buildRules = (
			);
			dependencies = (
				825B6885300755D5009943CA /* PBXTargetDependency */,
			);
			fileSystemSynchronizedGroups = (
				825B6886300755D5009943CA /* CarePulseTests */,
			);
			name = CarePulseTests;
			packageProductDependencies = (
			);
			productName = CarePulseTests;
			productReference = 825B6883300755D5009943CA /* CarePulseTests.xctest */;
			productType = "com.apple.product-type.bundle.unit-test";
		};
		825B688C300755D5009943CA /* CarePulseUITests */ = {
			isa = PBXNativeTarget;
			buildConfigurationList = 825B689D300755D5009943CA /* Build configuration list for PBXNativeTarget "CarePulseUITests" */;
			buildPhases = (
				825B6889300755D5009943CA /* Sources */,
				825B688A300755D5009943CA /* Frameworks */,
				825B688B300755D5009943CA /* Resources */,
			);
			buildRules = (
			);
			dependencies = (
				825B688F300755D5009943CA /* PBXTargetDependency */,
			);
			fileSystemSynchronizedGroups = (
				825B6890300755D5009943CA /* CarePulseUITests */,
				825B68CF3008AC1C009943CA /* CarePulse */,
			);
			name = CarePulseUITests;
			packageProductDependencies = (
			);
			productName = CarePulseUITests;
			productReference = 825B688D300755D5009943CA /* CarePulseUITests.xctest */;
			productType = "com.apple.product-type.bundle.ui-testing";
		};
/* End PBXNativeTarget section */

/* Begin PBXProject section */
		825B6866300755D2009943CA /* Project object */ = {
			isa = PBXProject;
			attributes = {
				BuildIndependentTargetsInParallel = 1;
				LastSwiftUpdateCheck = 1620;
				LastUpgradeCheck = 1620;
				TargetAttributes = {
					825B686D300755D2009943CA = {
						CreatedOnToolsVersion = 16.2;
					};
					825B6882300755D5009943CA = {
						CreatedOnToolsVersion = 16.2;
						TestTargetID = 825B686D300755D2009943CA;
					};
					825B688C300755D5009943CA = {
						CreatedOnToolsVersion = 16.2;
						TestTargetID = 825B686D300755D2009943CA;
					};
				};
			};
			buildConfigurationList = 825B6869300755D2009943CA /* Build configuration list for PBXProject "CarePulse" */;
			developmentRegion = en;
			hasScannedForEncodings = 0;
			knownRegions = (
				en,
				Base,
			);
			mainGroup = 825B6865300755D2009943CA;
			minimizedProjectReferenceProxies = 1;
			preferredProjectObjectVersion = 77;
			productRefGroup = 825B686F300755D2009943CA /* Products */;
			projectDirPath = "";
			projectRoot = "";
			targets = (
				825B686D300755D2009943CA /* CarePulse */,
				825B6882300755D5009943CA /* CarePulseTests */,
				825B688C300755D5009943CA /* CarePulseUITests */,
			);
		};
/* End PBXProject section */

/* Begin PBXResourcesBuildPhase section */
		825B686C300755D2009943CA /* Resources */ = {
			isa = PBXResourcesBuildPhase;
			buildActionMask = 2147483647;
			files = (
			);
			runOnlyForDeploymentPostprocessing = 0;
		};
		825B6881300755D5009943CA /* Resources */ = {
			isa = PBXResourcesBuildPhase;
			buildActionMask = 2147483647;
			files = (
			);
			runOnlyForDeploymentPostprocessing = 0;
		};
		825B688B300755D5009943CA /* Resources */ = {
			isa = PBXResourcesBuildPhase;
			buildActionMask = 2147483647;
			files = (
			);
			runOnlyForDeploymentPostprocessing = 0;
		};
/* End PBXResourcesBuildPhase section */

/* Begin PBXSourcesBuildPhase section */
		825B686A300755D2009943CA /* Sources */ = {
			isa = PBXSourcesBuildPhase;
			buildActionMask = 2147483647;
			files = (
			);
			runOnlyForDeploymentPostprocessing = 0;
		};
		825B687F300755D5009943CA /* Sources */ = {
			isa = PBXSourcesBuildPhase;
			buildActionMask = 2147483647;
			files = (
			);
			runOnlyForDeploymentPostprocessing = 0;
		};
		825B6889300755D5009943CA /* Sources */ = {
			isa = PBXSourcesBuildPhase;
			buildActionMask = 2147483647;
			files = (
			);
			runOnlyForDeploymentPostprocessing = 0;
		};
/* End PBXSourcesBuildPhase section */

/* Begin PBXTargetDependency section */
		825B6885300755D5009943CA /* PBXTargetDependency */ = {
			isa = PBXTargetDependency;
			target = 825B686D300755D2009943CA /* CarePulse */;
			targetProxy = 825B6884300755D5009943CA /* PBXContainerItemProxy */;
		};
		825B688F300755D5009943CA /* PBXTargetDependency */ = {
			isa = PBXTargetDependency;
			target = 825B686D300755D2009943CA /* CarePulse */;
			targetProxy = 825B688E300755D5009943CA /* PBXContainerItemProxy */;
		};
/* End PBXTargetDependency section */

/* Begin XCBuildConfiguration section */
		825B6895300755D5009943CA /* Debug */ = {
			isa = XCBuildConfiguration;
			buildSettings = {
				ALWAYS_SEARCH_USER_PATHS = NO;
				ASSETCATALOG_COMPILER_GENERATE_SWIFT_ASSET_SYMBOL_EXTENSIONS = YES;
				CLANG_ANALYZER_NONNULL = YES;
				CLANG_ANALYZER_NUMBER_OBJECT_CONVERSION = YES_AGGRESSIVE;
				CLANG_CXX_LANGUAGE_STANDARD = "gnu++20";
				CLANG_ENABLE_MODULES = YES;
				CLANG_ENABLE_OBJC_ARC = YES;
				CLANG_ENABLE_OBJC_WEAK = YES;
				CLANG_WARN_BLOCK_CAPTURE_AUTORELEASING = YES;
				CLANG_WARN_BOOL_CONVERSION = YES;
				CLANG_WARN_COMMA = YES;
				CLANG_WARN_CONSTANT_CONVERSION = YES;
				CLANG_WARN_DEPRECATED_OBJC_IMPLEMENTATIONS = YES;
				CLANG_WARN_DIRECT_OBJC_ISA_USAGE = YES_ERROR;
				CLANG_WARN_DOCUMENTATION_COMMENTS = YES;
				CLANG_WARN_EMPTY_BODY = YES;
				CLANG_WARN_ENUM_CONVERSION = YES;
				CLANG_WARN_INFINITE_RECURSION = YES;
				CLANG_WARN_INT_CONVERSION = YES;
				CLANG_WARN_NON_LITERAL_NULL_CONVERSION = YES;
				CLANG_WARN_OBJC_IMPLICIT_RETAIN_SELF = YES;
				CLANG_WARN_OBJC_LITERAL_CONVERSION = YES;
				CLANG_WARN_OBJC_ROOT_CLASS = YES_ERROR;
				CLANG_WARN_QUOTED_INCLUDE_IN_FRAMEWORK_HEADER = YES;
				CLANG_WARN_RANGE_LOOP_ANALYSIS = YES;
				CLANG_WARN_STRICT_PROTOTYPES = YES;
				CLANG_WARN_SUSPICIOUS_MOVE = YES;
				CLANG_WARN_UNGUARDED_AVAILABILITY = YES_AGGRESSIVE;
				CLANG_WARN_UNREACHABLE_CODE = YES;
				CLANG_WARN__DUPLICATE_METHOD_MATCH = YES;
				COPY_PHASE_STRIP = NO;
				DEBUG_INFORMATION_FORMAT = dwarf;
				ENABLE_STRICT_OBJC_MSGSEND = YES;
				ENABLE_TESTABILITY = YES;
				ENABLE_USER_SCRIPT_SANDBOXING = YES;
				GCC_C_LANGUAGE_STANDARD = gnu17;
				GCC_DYNAMIC_NO_PIC = NO;
				GCC_NO_COMMON_BLOCKS = YES;
				GCC_OPTIMIZATION_LEVEL = 0;
				GCC_PREPROCESSOR_DEFINITIONS = (
					"DEBUG=1",
					"$(inherited)",
				);
				GCC_WARN_64_TO_32_BIT_CONVERSION = YES;
				GCC_WARN_ABOUT_RETURN_TYPE = YES_ERROR;
				GCC_WARN_UNDECLARED_SELECTOR = YES;
				GCC_WARN_UNINITIALIZED_AUTOS = YES_AGGRESSIVE;
				GCC_WARN_UNUSED_FUNCTION = YES;
				GCC_WARN_UNUSED_VARIABLE = YES;
				IPHONEOS_DEPLOYMENT_TARGET = 18.2;
				LOCALIZATION_PREFERS_STRING_CATALOGS = YES;
				MTL_ENABLE_DEBUG_INFO = INCLUDE_SOURCE;
				MTL_FAST_MATH = YES;
				ONLY_ACTIVE_ARCH = YES;
				SDKROOT = iphoneos;
				SWIFT_ACTIVE_COMPILATION_CONDITIONS = "DEBUG $(inherited)";
				SWIFT_OPTIMIZATION_LEVEL = "-Onone";
			};
			name = Debug;
		};
		825B6896300755D5009943CA /* Release */ = {
			isa = XCBuildConfiguration;
			buildSettings = {
				ALWAYS_SEARCH_USER_PATHS = NO;
				ASSETCATALOG_COMPILER_GENERATE_SWIFT_ASSET_SYMBOL_EXTENSIONS = YES;
				CLANG_ANALYZER_NONNULL = YES;
				CLANG_ANALYZER_NUMBER_OBJECT_CONVERSION = YES_AGGRESSIVE;
				CLANG_CXX_LANGUAGE_STANDARD = "gnu++20";
				CLANG_ENABLE_MODULES = YES;
				CLANG_ENABLE_OBJC_ARC = YES;
				CLANG_ENABLE_OBJC_WEAK = YES;
				CLANG_WARN_BLOCK_CAPTURE_AUTORELEASING = YES;
				CLANG_WARN_BOOL_CONVERSION = YES;
				CLANG_WARN_COMMA = YES;
				CLANG_WARN_CONSTANT_CONVERSION = YES;
				CLANG_WARN_DEPRECATED_OBJC_IMPLEMENTATIONS = YES;
				CLANG_WARN_DIRECT_OBJC_ISA_USAGE = YES_ERROR;
				CLANG_WARN_DOCUMENTATION_COMMENTS = YES;
				CLANG_WARN_EMPTY_BODY = YES;
				CLANG_WARN_ENUM_CONVERSION = YES;
				CLANG_WARN_INFINITE_RECURSION = YES;
				CLANG_WARN_INT_CONVERSION = YES;
				CLANG_WARN_NON_LITERAL_NULL_CONVERSION = YES;
				CLANG_WARN_OBJC_IMPLICIT_RETAIN_SELF = YES;
				CLANG_WARN_OBJC_LITERAL_CONVERSION = YES;
				CLANG_WARN_OBJC_ROOT_CLASS = YES_ERROR;
				CLANG_WARN_QUOTED_INCLUDE_IN_FRAMEWORK_HEADER = YES;
				CLANG_WARN_RANGE_LOOP_ANALYSIS = YES;
				CLANG_WARN_STRICT_PROTOTYPES = YES;
				CLANG_WARN_SUSPICIOUS_MOVE = YES;
				CLANG_WARN_UNGUARDED_AVAILABILITY = YES_AGGRESSIVE;
				CLANG_WARN_UNREACHABLE_CODE = YES;
				CLANG_WARN__DUPLICATE_METHOD_MATCH = YES;
				COPY_PHASE_STRIP = NO;
				DEBUG_INFORMATION_FORMAT = "dwarf-with-dsym";
				ENABLE_NS_ASSERTIONS = NO;
				ENABLE_STRICT_OBJC_MSGSEND = YES;
				ENABLE_USER_SCRIPT_SANDBOXING = YES;
				GCC_C_LANGUAGE_STANDARD = gnu17;
				GCC_NO_COMMON_BLOCKS = YES;
				GCC_WARN_64_TO_32_BIT_CONVERSION = YES;
				GCC_WARN_ABOUT_RETURN_TYPE = YES_ERROR;
				GCC_WARN_UNDECLARED_SELECTOR = YES;
				GCC_WARN_UNINITIALIZED_AUTOS = YES_AGGRESSIVE;
				GCC_WARN_UNUSED_FUNCTION = YES;
				GCC_WARN_UNUSED_VARIABLE = YES;
				IPHONEOS_DEPLOYMENT_TARGET = 18.2;
				LOCALIZATION_PREFERS_STRING_CATALOGS = YES;
				MTL_ENABLE_DEBUG_INFO = NO;
				MTL_FAST_MATH = YES;
				SDKROOT = iphoneos;
				SWIFT_COMPILATION_MODE = wholemodule;
				VALIDATE_PRODUCT = YES;
			};
			name = Release;
		};
		825B6898300755D5009943CA /* Debug */ = {
			isa = XCBuildConfiguration;
			buildSettings = {
				ASSETCATALOG_COMPILER_APPICON_NAME = AppIcon;
				ASSETCATALOG_COMPILER_GLOBAL_ACCENT_COLOR_NAME = AccentColor;
				CODE_SIGN_STYLE = Automatic;
				CURRENT_PROJECT_VERSION = 1;
				DEVELOPMENT_ASSET_PATHS = "\"CarePulse/Preview Content\"";
				ENABLE_PREVIEWS = YES;
				GENERATE_INFOPLIST_FILE = YES;
				INFOPLIST_KEY_UIApplicationSceneManifest_Generation = YES;
				INFOPLIST_KEY_UIApplicationSupportsIndirectInputEvents = YES;
				INFOPLIST_KEY_UILaunchScreen_Generation = YES;
				INFOPLIST_KEY_UISupportedInterfaceOrientations_iPad = "UIInterfaceOrientationPortrait UIInterfaceOrientationPortraitUpsideDown UIInterfaceOrientationLandscapeLeft UIInterfaceOrientationLandscapeRight";
				INFOPLIST_KEY_UISupportedInterfaceOrientations_iPhone = "UIInterfaceOrientationPortrait UIInterfaceOrientationLandscapeLeft UIInterfaceOrientationLandscapeRight";
				LD_RUNPATH_SEARCH_PATHS = (
					"$(inherited)",
					"@executable_path/Frameworks",
				);
				MARKETING_VERSION = 1.0;
				PRODUCT_BUNDLE_IDENTIFIER = com.andrewmuniz.CarePulse;
				PRODUCT_NAME = "$(TARGET_NAME)";
				SWIFT_EMIT_LOC_STRINGS = YES;
				SWIFT_VERSION = 5.0;
				TARGETED_DEVICE_FAMILY = "1,2";
			};
			name = Debug;
		};
		825B6899300755D5009943CA /* Release */ = {
			isa = XCBuildConfiguration;
			buildSettings = {
				ASSETCATALOG_COMPILER_APPICON_NAME = AppIcon;
				ASSETCATALOG_COMPILER_GLOBAL_ACCENT_COLOR_NAME = AccentColor;
				CODE_SIGN_STYLE = Automatic;
				CURRENT_PROJECT_VERSION = 1;
				DEVELOPMENT_ASSET_PATHS = "\"CarePulse/Preview Content\"";
				ENABLE_PREVIEWS = YES;
				GENERATE_INFOPLIST_FILE = YES;
				INFOPLIST_KEY_UIApplicationSceneManifest_Generation = YES;
				INFOPLIST_KEY_UIApplicationSupportsIndirectInputEvents = YES;
				INFOPLIST_KEY_UILaunchScreen_Generation = YES;
				INFOPLIST_KEY_UISupportedInterfaceOrientations_iPad = "UIInterfaceOrientationPortrait UIInterfaceOrientationPortraitUpsideDown UIInterfaceOrientationLandscapeLeft UIInterfaceOrientationLandscapeRight";
				INFOPLIST_KEY_UISupportedInterfaceOrientations_iPhone = "UIInterfaceOrientationPortrait UIInterfaceOrientationLandscapeLeft UIInterfaceOrientationLandscapeRight";
				LD_RUNPATH_SEARCH_PATHS = (
					"$(inherited)",
					"@executable_path/Frameworks",
				);
				MARKETING_VERSION = 1.0;
				PRODUCT_BUNDLE_IDENTIFIER = com.andrewmuniz.CarePulse;
				PRODUCT_NAME = "$(TARGET_NAME)";
				SWIFT_EMIT_LOC_STRINGS = YES;
				SWIFT_VERSION = 5.0;
				TARGETED_DEVICE_FAMILY = "1,2";
			};
			name = Release;
		};
		825B689B300755D5009943CA /* Debug */ = {
			isa = XCBuildConfiguration;
			buildSettings = {
				BUNDLE_LOADER = "$(TEST_HOST)";
				CODE_SIGN_STYLE = Automatic;
				CURRENT_PROJECT_VERSION = 1;
				GENERATE_INFOPLIST_FILE = YES;
				IPHONEOS_DEPLOYMENT_TARGET = 18.2;
				MARKETING_VERSION = 1.0;
				PRODUCT_BUNDLE_IDENTIFIER = com.andrewmuniz.CarePulseTests;
				PRODUCT_NAME = "$(TARGET_NAME)";
				SWIFT_EMIT_LOC_STRINGS = NO;
				SWIFT_VERSION = 5.0;
				TARGETED_DEVICE_FAMILY = "1,2";
				TEST_HOST = "$(BUILT_PRODUCTS_DIR)/CarePulse.app/$(BUNDLE_EXECUTABLE_FOLDER_PATH)/CarePulse";
			};
			name = Debug;
		};
		825B689C300755D5009943CA /* Release */ = {
			isa = XCBuildConfiguration;
			buildSettings = {
				BUNDLE_LOADER = "$(TEST_HOST)";
				CODE_SIGN_STYLE = Automatic;
				CURRENT_PROJECT_VERSION = 1;
				GENERATE_INFOPLIST_FILE = YES;
				IPHONEOS_DEPLOYMENT_TARGET = 18.2;
				MARKETING_VERSION = 1.0;
				PRODUCT_BUNDLE_IDENTIFIER = com.andrewmuniz.CarePulseTests;
				PRODUCT_NAME = "$(TARGET_NAME)";
				SWIFT_EMIT_LOC_STRINGS = NO;
				SWIFT_VERSION = 5.0;
				TARGETED_DEVICE_FAMILY = "1,2";
				TEST_HOST = "$(BUILT_PRODUCTS_DIR)/CarePulse.app/$(BUNDLE_EXECUTABLE_FOLDER_PATH)/CarePulse";
			};
			name = Release;
		};
		825B689E300755D5009943CA /* Debug */ = {
			isa = XCBuildConfiguration;
			buildSettings = {
				CODE_SIGN_STYLE = Automatic;
				CURRENT_PROJECT_VERSION = 1;
				GENERATE_INFOPLIST_FILE = YES;
				MARKETING_VERSION = 1.0;
				PRODUCT_BUNDLE_IDENTIFIER = com.andrewmuniz.CarePulseUITests;
				PRODUCT_NAME = "$(TARGET_NAME)";
				SWIFT_EMIT_LOC_STRINGS = NO;
				SWIFT_VERSION = 5.0;
				TARGETED_DEVICE_FAMILY = "1,2";
				TEST_TARGET_NAME = CarePulse;
			};
			name = Debug;
		};
		825B689F300755D5009943CA /* Release */ = {
			isa = XCBuildConfiguration;
			buildSettings = {
				CODE_SIGN_STYLE = Automatic;
				CURRENT_PROJECT_VERSION = 1;
				GENERATE_INFOPLIST_FILE = YES;
				MARKETING_VERSION = 1.0;
				PRODUCT_BUNDLE_IDENTIFIER = com.andrewmuniz.CarePulseUITests;
				PRODUCT_NAME = "$(TARGET_NAME)";
				SWIFT_EMIT_LOC_STRINGS = NO;
				SWIFT_VERSION = 5.0;
				TARGETED_DEVICE_FAMILY = "1,2";
				TEST_TARGET_NAME = CarePulse;
			};
			name = Release;
		};
/* End XCBuildConfiguration section */

/* Begin XCConfigurationList section */
		825B6869300755D2009943CA /* Build configuration list for PBXProject "CarePulse" */ = {
			isa = XCConfigurationList;
			buildConfigurations = (
				825B6895300755D5009943CA /* Debug */,
				825B6896300755D5009943CA /* Release */,
			);
			defaultConfigurationIsVisible = 0;
			defaultConfigurationName = Release;
		};
		825B6897300755D5009943CA /* Build configuration list for PBXNativeTarget "CarePulse" */ = {
			isa = XCConfigurationList;
			buildConfigurations = (
				825B6898300755D5009943CA /* Debug */,
				825B6899300755D5009943CA /* Release */,
			);
			defaultConfigurationIsVisible = 0;
			defaultConfigurationName = Release;
		};
		825B689A300755D5009943CA /* Build configuration list for PBXNativeTarget "CarePulseTests" */ = {
			isa = XCConfigurationList;
			buildConfigurations = (
				825B689B300755D5009943CA /* Debug */,
				825B689C300755D5009943CA /* Release */,
			);
			defaultConfigurationIsVisible = 0;
			defaultConfigurationName = Release;
		};
		825B689D300755D5009943CA /* Build configuration list for PBXNativeTarget "CarePulseUITests" */ = {
			isa = XCConfigurationList;
			buildConfigurations = (
				825B689E300755D5009943CA /* Debug */,
				825B689F300755D5009943CA /* Release */,
			);
			defaultConfigurationIsVisible = 0;
			defaultConfigurationName = Release;
		};
/* End XCConfigurationList section */
	};
	rootObject = 825B6866300755D2009943CA /* Project object */;
}
